
Microsoft Visual Studio Solution File, Format Version 12.00
# Visual Studio Version 17
VisualStudioVersion = 17.6.33723.286
MinimumVisualStudioVersion = 10.0.40219.1
Project("{FAE04EC0-301F-11D3-BF4B-00C04F79EFBC}") = "Traversal.MVC", "Traversal.MVC\Traversal.MVC.csproj", "{30A4278C-6DD9-47A5-A941-75BB6D627D7D}"
EndProject
Project("{FAE04EC0-301F-11D3-BF4B-00C04F79EFBC}") = "Traversal.Entity", "Traversal.Entity\Traversal.Entity.csproj", "{47422538-8637-49B5-A8DD-A314FD86E905}"
EndProject
Project("{FAE04EC0-301F-11D3-BF4B-00C04F79EFBC}") = "Traversal.DataAccess", "Traversal.DataAccess\Traversal.DataAccess.csproj", "{E1ACDEE2-3DE3-4EEF-9DDE-1193E7F9DD3B}"
EndProject
Project("{FAE04EC0-301F-11D3-BF4B-00C04F79EFBC}") = "Traversal.BusinessLayer", "Traversal.BusinessLayer\Traversal.BusinessLayer.csproj", "{DA8D1249-C4DA-4DE8-A342-54BD6624472A}"
EndProject
Project("{FAE04EC0-301F-11D3-BF4B-00C04F79EFBC}") = "Traversal.CoreLayer", "Traversal.CoreLayer\Traversal.CoreLayer.csproj", "{15C48F84-EFE8-4F30-A35B-B9A9A457ACD6}"
EndProject
Global
	GlobalSection(SolutionConfigurationPlatforms) = preSolution
		Debug|Any CPU = Debug|Any CPU
		Release|Any CPU = Release|Any CPU
	EndGlobalSection
	GlobalSection(ProjectConfigurationPlatforms) = postSolution
		{30A4278C-6DD9-47A5-A941-75BB6D627D7D}.Debug|Any CPU.ActiveCfg = Debug|Any CPU
		{30A4278C-6DD9-47A5-A941-75BB6D627D7D}.Debug|Any CPU.Build.0 = Debug|Any CPU
		{30A4278C-6DD9-47A5-A941-75BB6D627D7D}.Release|Any CPU.ActiveCfg = Release|Any CPU
		{30A4278C-6DD9-47A5-A941-75BB6D627D7D}.Release|Any CPU.Build.0 = Release|Any CPU
		{47422538-8637-49B5-A8DD-A314FD86E905}.Debug|Any CPU.ActiveCfg = Debug|Any CPU
		{47422538-8637-49B5-A8DD-A314FD86E905}.Debug|Any CPU.Build.0 = Debug|Any CPU
		{47422538-8637-49B5-A8DD-A314FD86E905}.Release|Any CPU.ActiveCfg = Release|Any CPU
		{47422538-8637-49B5-A8DD-A314FD86E905}.Release|Any CPU.Build.0 = Release|Any CPU
		{E1ACDEE2-3DE3-4EEF-9DDE-1193E7F9DD3B}.Debug|Any CPU.ActiveCfg = Debug|Any CPU
		{E1ACDEE2-3DE3-4EEF-9DDE-1193E7F9DD3B}.Debug|Any CPU.Build.0 = Debug|Any CPU
		{E1ACDEE2-3DE3-4EEF-9DDE-1193E7F9DD3B}.Release|Any CPU.ActiveCfg = Release|Any CPU
		{E1ACDEE2-3DE3-4EEF-9DDE-1193E7F9DD3B}.Release|Any CPU.Build.0 = Release|Any CPU
		{DA8D1249-C4DA-4DE8-A342-54BD6624472A}.Debug|Any CPU.ActiveCfg = Debug|Any CPU
		{DA8D1249-C4DA-4DE8-A342-54BD6624472A}.Debug|Any CPU.Build.0 = Debug|Any CPU
		{DA8D1249-C4DA-4DE8-A342-54BD6624472A}.Release|Any CPU.ActiveCfg = Release|Any CPU
		{DA8D1249-C4DA-4DE8-A342-54BD6624472A}.Release|Any CPU.Build.0 = Release|Any CPU
		{15C48F84-EFE8-4F30-A35B-B9A9A457ACD6}.Debug|Any CPU.ActiveCfg = Debug|Any CPU
		{15C48F84-EFE8-4F30-A35B-B9A9A457ACD6}.Debug|Any CPU.Build.0 = Debug|Any CPU
		{15C48F84-EFE8-4F30-A35B-B9A9A457ACD6}.Release|Any CPU.ActiveCfg = Release|Any CPU
		{15C48F84-EFE8-4F30-A35B-B9A9A457ACD6}.Release|Any CPU.Build.0 = Release|Any CPU
	EndGlobalSection
	GlobalSection(SolutionProperties) = preSolution
		HideSolutionNode = FALSE
	EndGlobalSection
	GlobalSection(ExtensibilityGlobals) = postSolution
		SolutionGuid = {DE16B6DF-B415-44FD-A493-2A2901777241}
	EndGlobalSection
EndGlobal
