
Microsoft Visual Studio Solution File, Format Version 12.00
# Visual Studio Version 17
VisualStudioVersion = 17.6.33723.286
MinimumVisualStudioVersion = 10.0.40219.1
Project("{FAE04EC0-301F-11D3-BF4B-00C04F79EFBC}") = "Traversal.MVC", "Traversal.MVC\Traversal.MVC.csproj", "{B1908DC1-3E79-4085-9145-63E4762C329C}"
EndProject
Project("{FAE04EC0-301F-11D3-BF4B-00C04F79EFBC}") = "Traversal.Entity", "Traversal.Entity\Traversal.Entity.csproj", "{64AA60DC-651D-4B06-BCB7-3BB3DE844168}"
EndProject
Project("{FAE04EC0-301F-11D3-BF4B-00C04F79EFBC}") = "Traversal.DataAccess", "Traversal.DataAccess\Traversal.DataAccess.csproj", "{77F4F9FD-2128-47CB-9C3A-BCB36E56B525}"
EndProject
Project("{FAE04EC0-301F-11D3-BF4B-00C04F79EFBC}") = "Traversal.CoreLayer", "Traversal.CoreLayer\Traversal.CoreLayer.csproj", "{969E10C0-3527-47B1-8DE7-A713F3E8D336}"
EndProject
Project("{FAE04EC0-301F-11D3-BF4B-00C04F79EFBC}") = "Traversal.BusinessLayer", "Traversal.BusinessLayer\Traversal.BusinessLayer.csproj", "{D906FBFD-BF5C-48ED-88A1-07F8A5586F46}"
EndProject
Global
	GlobalSection(SolutionConfigurationPlatforms) = preSolution
		Debug|Any CPU = Debug|Any CPU
		Release|Any CPU = Release|Any CPU
	EndGlobalSection
	GlobalSection(ProjectConfigurationPlatforms) = postSolution
		{B1908DC1-3E79-4085-9145-63E4762C329C}.Debug|Any CPU.ActiveCfg = Debug|Any CPU
		{B1908DC1-3E79-4085-9145-63E4762C329C}.Debug|Any CPU.Build.0 = Debug|Any CPU
		{B1908DC1-3E79-4085-9145-63E4762C329C}.Release|Any CPU.ActiveCfg = Release|Any CPU
		{B1908DC1-3E79-4085-9145-63E4762C329C}.Release|Any CPU.Build.0 = Release|Any CPU
		{64AA60DC-651D-4B06-BCB7-3BB3DE844168}.Debug|Any CPU.ActiveCfg = Debug|Any CPU
		{64AA60DC-651D-4B06-BCB7-3BB3DE844168}.Debug|Any CPU.Build.0 = Debug|Any CPU
		{64AA60DC-651D-4B06-BCB7-3BB3DE844168}.Release|Any CPU.ActiveCfg = Release|Any CPU
		{64AA60DC-651D-4B06-BCB7-3BB3DE844168}.Release|Any CPU.Build.0 = Release|Any CPU
		{77F4F9FD-2128-47CB-9C3A-BCB36E56B525}.Debug|Any CPU.ActiveCfg = Debug|Any CPU
		{77F4F9FD-2128-47CB-9C3A-BCB36E56B525}.Debug|Any CPU.Build.0 = Debug|Any CPU
		{77F4F9FD-2128-47CB-9C3A-BCB36E56B525}.Release|Any CPU.ActiveCfg = Release|Any CPU
		{77F4F9FD-2128-47CB-9C3A-BCB36E56B525}.Release|Any CPU.Build.0 = Release|Any CPU
		{969E10C0-3527-47B1-8DE7-A713F3E8D336}.Debug|Any CPU.ActiveCfg = Debug|Any CPU
		{969E10C0-3527-47B1-8DE7-A713F3E8D336}.Debug|Any CPU.Build.0 = Debug|Any CPU
		{969E10C0-3527-47B1-8DE7-A713F3E8D336}.Release|Any CPU.ActiveCfg = Release|Any CPU
		{969E10C0-3527-47B1-8DE7-A713F3E8D336}.Release|Any CPU.Build.0 = Release|Any CPU
		{D906FBFD-BF5C-48ED-88A1-07F8A5586F46}.Debug|Any CPU.ActiveCfg = Debug|Any CPU
		{D906FBFD-BF5C-48ED-88A1-07F8A5586F46}.Debug|Any CPU.Build.0 = Debug|Any CPU
		{D906FBFD-BF5C-48ED-88A1-07F8A5586F46}.Release|Any CPU.ActiveCfg = Release|Any CPU
		{D906FBFD-BF5C-48ED-88A1-07F8A5586F46}.Release|Any CPU.Build.0 = Release|Any CPU
	EndGlobalSection
	GlobalSection(SolutionProperties) = preSolution
		HideSolutionNode = FALSE
	EndGlobalSection
	GlobalSection(ExtensibilityGlobals) = postSolution
		SolutionGuid = {DE16B6DF-B415-44FD-A493-2A2901777241}
	EndGlobalSection
EndGlobal
